// !$*UTF8*$!
{
	archiveVersion = 1;
	classes = {
	};
	objectVersion = 46;
	objects = {

/* Begin PBXBuildFile section */
		639357F31BB050840070B87F /* AppDelegate.swift in Sources */ = {isa = PBXBuildFile; fileRef = 639357F21BB050840070B87F /* AppDelegate.swift */; };
		639357F51BB050840070B87F /* ViewController.swift in Sources */ = {isa = PBXBuildFile; fileRef = 639357F41BB050840070B87F /* ViewController.swift */; };
		639357F81BB050840070B87F /* Main.storyboard in Resources */ = {isa = PBXBuildFile; fileRef = 639357F61BB050840070B87F /* Main.storyboard */; };
		639357FB1BB050840070B87F /* Tutorial.xcdatamodeld in Sources */ = {isa = PBXBuildFile; fileRef = 639357F91BB050840070B87F /* Tutorial.xcdatamodeld */; };
		639357FD1BB050840070B87F /* Assets.xcassets in Resources */ = {isa = PBXBuildFile; fileRef = 639357FC1BB050840070B87F /* Assets.xcassets */; };
		639358001BB050840070B87F /* LaunchScreen.storyboard in Resources */ = {isa = PBXBuildFile; fileRef = 639357FE1BB050840070B87F /* LaunchScreen.storyboard */; };
		639358081BB058380070B87F /* postRequest.swift in Sources */ = {isa = PBXBuildFile; fileRef = 639358071BB058380070B87F /* postRequest.swift */; settings = {ASSET_TAGS = (); }; };
/* End PBXBuildFile section */

/* Begin PBXFileReference section */
		639357EF1BB050830070B87F /* Tutorial.app */ = {isa = PBXFileReference; explicitFileType = wrapper.application; includeInIndex = 0; path = Tutorial.app; sourceTree = BUILT_PRODUCTS_DIR; };
		639357F21BB050840070B87F /* AppDelegate.swift */ = {isa = PBXFileReference; lastKnownFileType = sourcecode.swift; path = AppDelegate.swift; sourceTree = "<group>"; };
		639357F41BB050840070B87F /* ViewController.swift */ = {isa = PBXFileReference; lastKnownFileType = sourcecode.swift; path = ViewController.swift; sourceTree = "<group>"; };
		639357F71BB050840070B87F /* Base */ = {isa = PBXFileReference; lastKnownFileType = file.storyboard; name = Base; path = Base.lproj/Main.storyboard; sourceTree = "<group>"; };
		639357FA1BB050840070B87F /* Tutorial.xcdatamodel */ = {isa = PBXFileReference; lastKnownFileType = wrapper.xcdatamodel; path = Tutorial.xcdatamodel; sourceTree = "<group>"; };
		639357FC1BB050840070B87F /* Assets.xcassets */ = {isa = PBXFileReference; lastKnownFileType = folder.assetcatalog; path = Assets.xcassets; sourceTree = "<group>"; };
		639357FF1BB050840070B87F /* Base */ = {isa = PBXFileReference; lastKnownFileType = file.storyboard; name = Base; path = Base.lproj/LaunchScreen.storyboard; sourceTree = "<group>"; };
		639358011BB050840070B87F /* Info.plist */ = {isa = PBXFileReference; lastKnownFileType = text.plist.xml; path = Info.plist; sourceTree = "<group>"; };
		639358071BB058380070B87F /* postRequest.swift */ = {isa = PBXFileReference; fileEncoding = 4; lastKnownFileType = sourcecode.swift; path = postRequest.swift; sourceTree = "<group>"; };
/* End PBXFileReference section */

/* Begin PBXFrameworksBuildPhase section */
		639357EC1BB050830070B87F /* Frameworks */ = {
			isa = PBXFrameworksBuildPhase;
			buildActionMask = 2147483647;
			files = (
			);
			runOnlyForDeploymentPostprocessing = 0;
		};
/* End PBXFrameworksBuildPhase section */

/* Begin PBXGroup section */
		639357E61BB050830070B87F = {
			isa = PBXGroup;
			children = (
				639357F11BB050830070B87F /* Tutorial */,
				639357F01BB050830070B87F /* Products */,
			);
			sourceTree = "<group>";
		};
		639357F01BB050830070B87F /* Products */ = {
			isa = PBXGroup;
			children = (
				639357EF1BB050830070B87F /* Tutorial.app */,
			);
			name = Products;
			sourceTree = "<group>";
		};
		639357F11BB050830070B87F /* Tutorial */ = {
			isa = PBXGroup;
			children = (
				639357F21BB050840070B87F /* AppDelegate.swift */,
				639357F41BB050840070B87F /* ViewController.swift */,
				639357F61BB050840070B87F /* Main.storyboard */,
				639357FC1BB050840070B87F /* Assets.xcassets */,
				639357FE1BB050840070B87F /* LaunchScreen.storyboard */,
				639358011BB050840070B87F /* Info.plist */,
				639357F91BB050840070B87F /* Tutorial.xcdatamodeld */,
				639358071BB058380070B87F /* postRequest.swift */,
			);
			path = Tutorial;
			sourceTree = "<group>";
		};
/* End PBXGroup section */

/* Begin PBXNativeTarget section */
		639357EE1BB050830070B87F /* Tutorial */ = {
			isa = PBXNativeTarget;
			buildConfigurationList = 639358041BB050840070B87F /* Build configuration list for PBXNativeTarget "Tutorial" */;
			buildPhases = (
				639357EB1BB050830070B87F /* Sources */,
				639357EC1BB050830070B87F /* Frameworks */,
				639357ED1BB050830070B87F /* Resources */,
			);
			buildRules = (
			);
			dependencies = (
			);
			name = Tutorial;
			productName = Tutorial;
			productReference = 639357EF1BB050830070B87F /* Tutorial.app */;
			productType = "com.apple.product-type.application";
		};
/* End PBXNativeTarget section */

/* Begin PBXProject section */
		639357E71BB050830070B87F /* Project object */ = {
			isa = PBXProject;
			attributes = {
				LastUpgradeCheck = 0700;
				ORGANIZATIONNAME = mecolab;
				TargetAttributes = {
					639357EE1BB050830070B87F = {
						CreatedOnToolsVersion = 7.0;
					};
				};
			};
			buildConfigurationList = 639357EA1BB050830070B87F /* Build configuration list for PBXProject "Tutorial" */;
			compatibilityVersion = "Xcode 3.2";
			developmentRegion = English;
			hasScannedForEncodings = 0;
			knownRegions = (
				en,
				Base,
			);
			mainGroup = 639357E61BB050830070B87F;
			productRefGroup = 639357F01BB050830070B87F /* Products */;
			projectDirPath = "";
			projectRoot = "";
			targets = (
				639357EE1BB050830070B87F /* Tutorial */,
			);
		};
/* End PBXProject section */

/* Begin PBXResourcesBuildPhase section */
		639357ED1BB050830070B87F /* Resources */ = {
			isa = PBXResourcesBuildPhase;
			buildActionMask = 2147483647;
			files = (
				639358001BB050840070B87F /* LaunchScreen.storyboard in Resources */,
				639357FD1BB050840070B87F /* Assets.xcassets in Resources */,
				639357F81BB050840070B87F /* Main.storyboard in Resources */,
			);
			runOnlyForDeploymentPostprocessing = 0;
		};
/* End PBXResourcesBuildPhase section */

/* Begin PBXSourcesBuildPhase section */
		639357EB1BB050830070B87F /* Sources */ = {
			isa = PBXSourcesBuildPhase;
			buildActionMask = 2147483647;
			files = (
				639357F51BB050840070B87F /* ViewController.swift in Sources */,
				639357F31BB050840070B87F /* AppDelegate.swift in Sources */,
				639357FB1BB050840070B87F /* Tutorial.xcdatamodeld in Sources */,
				639358081BB058380070B87F /* postRequest.swift in Sources */,
			);
			runOnlyForDeploymentPostprocessing = 0;
		};
/* End PBXSourcesBuildPhase section */

/* Begin PBXVariantGroup section */
		639357F61BB050840070B87F /* Main.storyboard */ = {
			isa = PBXVariantGroup;
			children = (
				639357F71BB050840070B87F /* Base */,
			);
			name = Main.storyboard;
			sourceTree = "<group>";
		};
		639357FE1BB050840070B87F /* LaunchScreen.storyboard */ = {
			isa = PBXVariantGroup;
			children = (
				639357FF1BB050840070B87F /* Base */,
			);
			name = LaunchScreen.storyboard;
			sourceTree = "<group>";
		};
/* End PBXVariantGroup section */

/* Begin XCBuildConfiguration section */
		639358021BB050840070B87F /* Debug */ = {
			isa = XCBuildConfiguration;
			buildSettings = {
				ALWAYS_SEARCH_USER_PATHS = NO;
				CLANG_CXX_LANGUAGE_STANDARD = "gnu++0x";
				CLANG_CXX_LIBRARY = "libc++";
				CLANG_ENABLE_MODULES = YES;
				CLANG_ENABLE_OBJC_ARC = YES;
				CLANG_WARN_BOOL_CONVERSION = YES;
				CLANG_WARN_CONSTANT_CONVERSION = YES;
				CLANG_WARN_DIRECT_OBJC_ISA_USAGE = YES_ERROR;
				CLANG_WARN_EMPTY_BODY = YES;
				CLANG_WARN_ENUM_CONVERSION = YES;
				CLANG_WARN_INT_CONVERSION = YES;
				CLANG_WARN_OBJC_ROOT_CLASS = YES_ERROR;
				CLANG_WARN_UNREACHABLE_CODE = YES;
				CLANG_WARN__DUPLICATE_METHOD_MATCH = YES;
				"CODE_SIGN_IDENTITY[sdk=iphoneos*]" = "iPhone Developer";
				COPY_PHASE_STRIP = NO;
				DEBUG_INFORMATION_FORMAT = dwarf;
				ENABLE_STRICT_OBJC_MSGSEND = YES;
				ENABLE_TESTABILITY = YES;
				GCC_C_LANGUAGE_STANDARD = gnu99;
				GCC_DYNAMIC_NO_PIC = NO;
				GCC_NO_COMMON_BLOCKS = YES;
				GCC_OPTIMIZATION_LEVEL = 0;
				GCC_PREPROCESSOR_DEFINITIONS = (
					"DEBUG=1",
					"$(inherited)",
				);
				GCC_WARN_64_TO_32_BIT_CONVERSION = YES;
				GCC_WARN_ABOUT_RETURN_TYPE = YES_ERROR;
				GCC_WARN_UNDECLARED_SELECTOR = YES;
				GCC_WARN_UNINITIALIZED_AUTOS = YES_AGGRESSIVE;
				GCC_WARN_UNUSED_FUNCTION = YES;
				GCC_WARN_UNUSED_VARIABLE = YES;
				IPHONEOS_DEPLOYMENT_TARGET = 9.0;
				MTL_ENABLE_DEBUG_INFO = YES;
				ONLY_ACTIVE_ARCH = YES;
				SDKROOT = iphoneos;
				SWIFT_OPTIMIZATION_LEVEL = "-Onone";
			};
			name = Debug;
		};
		639358031BB050840070B87F /* Release */ = {
			isa = XCBuildConfiguration;
			buildSettings = {
				ALWAYS_SEARCH_USER_PATHS = NO;
				CLANG_CXX_LANGUAGE_STANDARD = "gnu++0x";
				CLANG_CXX_LIBRARY = "libc++";
				CLANG_ENABLE_MODULES = YES;
				CLANG_ENABLE_OBJC_ARC = YES;
				CLANG_WARN_BOOL_CONVERSION = YES;
				CLANG_WARN_CONSTANT_CONVERSION = YES;
				CLANG_WARN_DIRECT_OBJC_ISA_USAGE = YES_ERROR;
				CLANG_WARN_EMPTY_BODY = YES;
				CLANG_WARN_ENUM_CONVERSION = YES;
				CLANG_WARN_INT_CONVERSION = YES;
				CLANG_WARN_OBJC_ROOT_CLASS = YES_ERROR;
				CLANG_WARN_UNREACHABLE_CODE = YES;
				CLANG_WARN__DUPLICATE_METHOD_MATCH = YES;
				"CODE_SIGN_IDENTITY[sdk=iphoneos*]" = "iPhone Developer";
				COPY_PHASE_STRIP = NO;
				DEBUG_INFORMATION_FORMAT = "dwarf-with-dsym";
				ENABLE_NS_ASSERTIONS = NO;
				ENABLE_STRICT_OBJC_MSGSEND = YES;
				GCC_C_LANGUAGE_STANDARD = gnu99;
				GCC_NO_COMMON_BLOCKS = YES;
				GCC_WARN_64_TO_32_BIT_CONVERSION = YES;
				GCC_WARN_ABOUT_RETURN_TYPE = YES_ERROR;
				GCC_WARN_UNDECLARED_SELECTOR = YES;
				GCC_WARN_UNINITIALIZED_AUTOS = YES_AGGRESSIVE;
				GCC_WARN_UNUSED_FUNCTION = YES;
				GCC_WARN_UNUSED_VARIABLE = YES;
				IPHONEOS_DEPLOYMENT_TARGET = 9.0;
				MTL_ENABLE_DEBUG_INFO = NO;
				SDKROOT = iphoneos;
				VALIDATE_PRODUCT = YES;
			};
			name = Release;
		};
		639358051BB050840070B87F /* Debug */ = {
			isa = XCBuildConfiguration;
			buildSettings = {
				ASSETCATALOG_COMPILER_APPICON_NAME = AppIcon;
				INFOPLIST_FILE = Tutorial/Info.plist;
				IPHONEOS_DEPLOYMENT_TARGET = 8.3;
				LD_RUNPATH_SEARCH_PATHS = "$(inherited) @executable_path/Frameworks";
				PRODUCT_BUNDLE_IDENTIFIER = cl.mecolab.test.Tutorial;
				PRODUCT_NAME = "$(TARGET_NAME)";
			};
			name = Debug;
		};
		639358061BB050840070B87F /* Release */ = {
			isa = XCBuildConfiguration;
			buildSettings = {
				ASSETCATALOG_COMPILER_APPICON_NAME = AppIcon;
				INFOPLIST_FILE = Tutorial/Info.plist;
				IPHONEOS_DEPLOYMENT_TARGET = 8.3;
				LD_RUNPATH_SEARCH_PATHS = "$(inherited) @executable_path/Frameworks";
				PRODUCT_BUNDLE_IDENTIFIER = cl.mecolab.test.Tutorial;
				PRODUCT_NAME = "$(TARGET_NAME)";
			};
			name = Release;
		};
/* End XCBuildConfiguration section */

/* Begin XCConfigurationList section */
		639357EA1BB050830070B87F /* Build configuration list for PBXProject "Tutorial" */ = {
			isa = XCConfigurationList;
			buildConfigurations = (
				639358021BB050840070B87F /* Debug */,
				639358031BB050840070B87F /* Release */,
			);
			defaultConfigurationIsVisible = 0;
			defaultConfigurationName = Release;
		};
		639358041BB050840070B87F /* Build configuration list for PBXNativeTarget "Tutorial" */ = {
			isa = XCConfigurationList;
			buildConfigurations = (
				639358051BB050840070B87F /* Debug */,
				639358061BB050840070B87F /* Release */,
			);
			defaultConfigurationIsVisible = 0;
		};
/* End XCConfigurationList section */

/* Begin XCVersionGroup section */
		639357F91BB050840070B87F /* Tutorial.xcdatamodeld */ = {
			isa = XCVersionGroup;
			children = (
				639357FA1BB050840070B87F /* Tutorial.xcdatamodel */,
			);
			currentVersion = 639357FA1BB050840070B87F /* Tutorial.xcdatamodel */;
			path = Tutorial.xcdatamodeld;
			sourceTree = "<group>";
			versionGroupType = wrapper.xcdatamodel;
		};
/* End XCVersionGroup section */
	};
	rootObject = 639357E71BB050830070B87F /* Project object */;
}
